
Microsoft Visual Studio Solution File, Format Version 12.00
# Visual Studio Version 17
VisualStudioVersion = 17.0.31903.59
MinimumVisualStudioVersion = 10.0.40219.1
Project("{9A19103F-16F7-4668-BE54-9A1E7A4F7556}") = "BirdWatcher", "BirdWatcher.csproj", "{8E07DF1B-D6F2-47E4-B1BE-B5F3D79DC8DD}"
EndProject
Global
	GlobalSection(SolutionConfigurationPlatforms) = preSolution
		Debug|Any CPU = Debug|Any CPU
		Release|Any CPU = Release|Any CPU
	EndGlobalSection
	GlobalSection(ProjectConfigurationPlatforms) = postSolution
		{8E07DF1B-D6F2-47E4-B1BE-B5F3D79DC8DD}.Debug|Any CPU.ActiveCfg = Debug|Any CPU
		{8E07DF1B-D6F2-47E4-B1BE-B5F3D79DC8DD}.Debug|Any CPU.Build.0 = Debug|Any CPU
		{8E07DF1B-D6F2-47E4-B1BE-B5F3D79DC8DD}.Release|Any CPU.ActiveCfg = Release|Any CPU
		{8E07DF1B-D6F2-47E4-B1BE-B5F3D79DC8DD}.Release|Any CPU.Build.0 = Release|Any CPU
	EndGlobalSection
	GlobalSection(SolutionProperties) = preSolution
		HideSolutionNode = FALSE
	EndGlobalSection
	GlobalSection(ExtensibilityGlobals) = postSolution
		SolutionGuid = {8163EA4E-19A0-4B3E-852F-4B7314271607}
	EndGlobalSection
EndGlobal
